
Microsoft Visual Studio Solution File, Format Version 12.00
# Visual Studio Version 17
VisualStudioVersion = 17.11.35222.181
MinimumVisualStudioVersion = 10.0.40219.1
Project("{FAE04EC0-301F-11D3-BF4B-00C04F79EFBC}") = "Assignment", "Assignment\Assignment.csproj", "{54921B04-4E03-4BF1-895D-B03DCC62FBDE}"
EndProject
Global
	GlobalSection(SolutionConfigurationPlatforms) = preSolution
		Debug|Any CPU = Debug|Any CPU
		Release|Any CPU = Release|Any CPU
	EndGlobalSection
	GlobalSection(ProjectConfigurationPlatforms) = postSolution
		{54921B04-4E03-4BF1-895D-B03DCC62FBDE}.Debug|Any CPU.ActiveCfg = Debug|Any CPU
		{54921B04-4E03-4BF1-895D-B03DCC62FBDE}.Debug|Any CPU.Build.0 = Debug|Any CPU
		{54921B04-4E03-4BF1-895D-B03DCC62FBDE}.Release|Any CPU.ActiveCfg = Release|Any CPU
		{54921B04-4E03-4BF1-895D-B03DCC62FBDE}.Release|Any CPU.Build.0 = Release|Any CPU
	EndGlobalSection
	GlobalSection(SolutionProperties) = preSolution
		HideSolutionNode = FALSE
	EndGlobalSection
	GlobalSection(ExtensibilityGlobals) = postSolution
		SolutionGuid = {7F2082EF-8792-4AE6-A5CD-FC3F0F73B2BC}
	EndGlobalSection
EndGlobal
